
Microsoft Visual Studio Solution File, Format Version 12.00
# Visual Studio Version 17
VisualStudioVersion = 17.9.34723.18
MinimumVisualStudioVersion = 10.0.40219.1
Project("{8BC9CEB8-8B4A-11D0-8D11-00A0C91BC942}") = "problem1", "problem1.vcxproj", "{90B8D7B8-8B3D-4234-B2C3-D7218EA56549}"
EndProject
Global
	GlobalSection(SolutionConfigurationPlatforms) = preSolution
		Debug|x64 = Debug|x64
		Debug|x86 = Debug|x86
		Release|x64 = Release|x64
		Release|x86 = Release|x86
	EndGlobalSection
	GlobalSection(ProjectConfigurationPlatforms) = postSolution
		{90B8D7B8-8B3D-4234-B2C3-D7218EA56549}.Debug|x64.ActiveCfg = Debug|x64
		{90B8D7B8-8B3D-4234-B2C3-D7218EA56549}.Debug|x64.Build.0 = Debug|x64
		{90B8D7B8-8B3D-4234-B2C3-D7218EA56549}.Debug|x86.ActiveCfg = Debug|Win32
		{90B8D7B8-8B3D-4234-B2C3-D7218EA56549}.Debug|x86.Build.0 = Debug|Win32
		{90B8D7B8-8B3D-4234-B2C3-D7218EA56549}.Release|x64.ActiveCfg = Release|x64
		{90B8D7B8-8B3D-4234-B2C3-D7218EA56549}.Release|x64.Build.0 = Release|x64
		{90B8D7B8-8B3D-4234-B2C3-D7218EA56549}.Release|x86.ActiveCfg = Release|Win32
		{90B8D7B8-8B3D-4234-B2C3-D7218EA56549}.Release|x86.Build.0 = Release|Win32
	EndGlobalSection
	GlobalSection(SolutionProperties) = preSolution
		HideSolutionNode = FALSE
	EndGlobalSection
	GlobalSection(ExtensibilityGlobals) = postSolution
		SolutionGuid = {29E54447-3BC1-4500-BC7A-C987E475D8D0}
	EndGlobalSection
EndGlobal
